
Microsoft Visual Studio Solution File, Format Version 12.00
# Visual Studio Version 16
VisualStudioVersion = 16.0.31702.278
MinimumVisualStudioVersion = 10.0.40219.1
Project("{FAE04EC0-301F-11D3-BF4B-00C04F79EFBC}") = "lab12", "lab12\lab12.csproj", "{C9E5BA41-4785-4FA6-B938-6F6BD943051C}"
EndProject
Project("{FAE04EC0-301F-11D3-BF4B-00C04F79EFBC}") = "exBK_patrat_sume_identice", "exBK_patrat_sume_identice\exBK_patrat_sume_identice.csproj", "{0A9F5BE6-89F1-4CA2-AB4B-76245E439D91}"
EndProject
Global
	GlobalSection(SolutionConfigurationPlatforms) = preSolution
		Debug|Any CPU = Debug|Any CPU
		Release|Any CPU = Release|Any CPU
	EndGlobalSection
	GlobalSection(ProjectConfigurationPlatforms) = postSolution
		{C9E5BA41-4785-4FA6-B938-6F6BD943051C}.Debug|Any CPU.ActiveCfg = Debug|Any CPU
		{C9E5BA41-4785-4FA6-B938-6F6BD943051C}.Debug|Any CPU.Build.0 = Debug|Any CPU
		{C9E5BA41-4785-4FA6-B938-6F6BD943051C}.Release|Any CPU.ActiveCfg = Release|Any CPU
		{C9E5BA41-4785-4FA6-B938-6F6BD943051C}.Release|Any CPU.Build.0 = Release|Any CPU
		{0A9F5BE6-89F1-4CA2-AB4B-76245E439D91}.Debug|Any CPU.ActiveCfg = Debug|Any CPU
		{0A9F5BE6-89F1-4CA2-AB4B-76245E439D91}.Debug|Any CPU.Build.0 = Debug|Any CPU
		{0A9F5BE6-89F1-4CA2-AB4B-76245E439D91}.Release|Any CPU.ActiveCfg = Release|Any CPU
		{0A9F5BE6-89F1-4CA2-AB4B-76245E439D91}.Release|Any CPU.Build.0 = Release|Any CPU
	EndGlobalSection
	GlobalSection(SolutionProperties) = preSolution
		HideSolutionNode = FALSE
	EndGlobalSection
	GlobalSection(ExtensibilityGlobals) = postSolution
		SolutionGuid = {95FAA1A9-CE56-4E92-86E0-71CBC2968A27}
	EndGlobalSection
EndGlobal
